
Microsoft Visual Studio Solution File, Format Version 12.00
# Visual Studio 15
VisualStudioVersion = 15.0.27130.2010
MinimumVisualStudioVersion = 10.0.40219.1
Project("{CC5FD16D-436D-48AD-A40C-5A424C6E3E79}") = "AzureCloudService1", "AzureCloudService1\AzureCloudService1.ccproj", "{729F9910-C373-42F5-BAA9-31861D1E52B6}"
EndProject
Project("{FAE04EC0-301F-11D3-BF4B-00C04F79EFBC}") = "WorkerRoleWithSBQueue1", "WorkerRoleWithSBQueue1\WorkerRoleWithSBQueue1.csproj", "{93CA73AD-A124-4CF7-B15C-08FE609E9E8E}"
EndProject
Global
	GlobalSection(SolutionConfigurationPlatforms) = preSolution
		Debug|Any CPU = Debug|Any CPU
		Release|Any CPU = Release|Any CPU
	EndGlobalSection
	GlobalSection(ProjectConfigurationPlatforms) = postSolution
		{729F9910-C373-42F5-BAA9-31861D1E52B6}.Debug|Any CPU.ActiveCfg = Debug|Any CPU
		{729F9910-C373-42F5-BAA9-31861D1E52B6}.Debug|Any CPU.Build.0 = Debug|Any CPU
		{729F9910-C373-42F5-BAA9-31861D1E52B6}.Release|Any CPU.ActiveCfg = Release|Any CPU
		{729F9910-C373-42F5-BAA9-31861D1E52B6}.Release|Any CPU.Build.0 = Release|Any CPU
		{93CA73AD-A124-4CF7-B15C-08FE609E9E8E}.Debug|Any CPU.ActiveCfg = Debug|Any CPU
		{93CA73AD-A124-4CF7-B15C-08FE609E9E8E}.Debug|Any CPU.Build.0 = Debug|Any CPU
		{93CA73AD-A124-4CF7-B15C-08FE609E9E8E}.Release|Any CPU.ActiveCfg = Release|Any CPU
		{93CA73AD-A124-4CF7-B15C-08FE609E9E8E}.Release|Any CPU.Build.0 = Release|Any CPU
	EndGlobalSection
	GlobalSection(SolutionProperties) = preSolution
		HideSolutionNode = FALSE
	EndGlobalSection
	GlobalSection(ExtensibilityGlobals) = postSolution
		SolutionGuid = {1D51AF7B-6F8A-4F5E-AA3C-EFB55EFB53E7}
	EndGlobalSection
EndGlobal
